{
  "object": {
    "pins": [
      {
        "package": "swift-tools-support-core",
        "repositoryURL": "https://github.com/apple/swift-tools-support-core.git",
        "state": {
          "branch": null,
          "revision": "98a5916a811fcaaed770f1ed812e9405be762945",
          "version": "0.1.0"
        }
      }
    ]
  },
  "version": 1
}
