// !$*UTF8*$!
{
	archiveVersion = 1;
	classes = {
	};
	objectVersion = 48;
	objects = {

/* Begin PBXBuildFile section */
		D2A90D102032181600EBA6AA /* ThisFileIsMissing.swift in Sources */ = {isa = PBXBuildFile; fileRef = D2A90D0F2032181600EBA6AA /* ThisFileIsMissing.swift */; };
		D2A90D142032190A00EBA6AA /* First.swift in Sources */ = {isa = PBXBuildFile; fileRef = D2A90D132032190A00EBA6AA /* First.swift */; };
		D2A90D162032191600EBA6AA /* Second.swift in Sources */ = {isa = PBXBuildFile; fileRef = D2A90D152032191600EBA6AA /* Second.swift */; };
		D2CAE8772031EE5F00F76063 /* main.swift in Sources */ = {isa = PBXBuildFile; fileRef = D2CAE8762031EE5F00F76063 /* main.swift */; };
		D2CAE89D2032142D00F76063 /* ThisFileIsMisplaced.swift in Sources */ = {isa = PBXBuildFile; fileRef = D2CAE89C2032142D00F76063 /* ThisFileIsMisplaced.swift */; };
/* End PBXBuildFile section */

/* Begin PBXCopyFilesBuildPhase section */
		D2CAE8712031EE5F00F76063 /* CopyFiles */ = {
			isa = PBXCopyFilesBuildPhase;
			buildActionMask = 2147483647;
			dstPath = /usr/share/man/man1/;
			dstSubfolderSpec = 0;
			files = (
			);
			runOnlyForDeploymentPostprocessing = 1;
		};
/* End PBXCopyFilesBuildPhase section */

/* Begin PBXFileReference section */
		7819B10A22F4819E008F36CB /* BadUnitTests.xctest */ = {isa = PBXFileReference; explicitFileType = wrapper.cfbundle; includeInIndex = 0; path = BadUnitTests.xctest; sourceTree = BUILT_PRODUCTS_DIR; };
		78BBAB5122FDA2E400FE1D61 /* BadUnitTests.swift */ = {isa = PBXFileReference; fileEncoding = 4; lastKnownFileType = sourcecode.swift; path = BadUnitTests.swift; sourceTree = "<group>"; };
		D2A90D0F2032181600EBA6AA /* ThisFileIsMissing.swift */ = {isa = PBXFileReference; lastKnownFileType = sourcecode.swift; path = ThisFileIsMissing.swift; sourceTree = "<group>"; };
		D2A90D132032190A00EBA6AA /* First.swift */ = {isa = PBXFileReference; lastKnownFileType = sourcecode.swift; path = First.swift; sourceTree = "<group>"; wrapsLines = 1; };
		D2A90D152032191600EBA6AA /* Second.swift */ = {isa = PBXFileReference; fileEncoding = 4; indentWidth = 5; lastKnownFileType = sourcecode.swift; lineEnding = 0; path = Second.swift; sourceTree = "<group>"; tabWidth = 5; wrapsLines = 1; };
		D2CAE8732031EE5F00F76063 /* Bad */ = {isa = PBXFileReference; explicitFileType = "compiled.mach-o.executable"; includeInIndex = 0; path = Bad; sourceTree = BUILT_PRODUCTS_DIR; };
		D2CAE8762031EE5F00F76063 /* main.swift */ = {isa = PBXFileReference; lastKnownFileType = sourcecode.swift; path = main.swift; sourceTree = "<group>"; };
		D2CAE89C2032142D00F76063 /* ThisFileIsMisplaced.swift */ = {isa = PBXFileReference; lastKnownFileType = sourcecode.swift; name = ThisFileIsMisplaced.swift; path = ../MisplacdFile/ThisFileIsMisplaced.swift; sourceTree = "<group>"; };
/* End PBXFileReference section */

/* Begin PBXFrameworksBuildPhase section */
		7819B10722F4819E008F36CB /* Frameworks */ = {
			isa = PBXFrameworksBuildPhase;
			buildActionMask = 2147483647;
			files = (
			);
			runOnlyForDeploymentPostprocessing = 0;
		};
		D2CAE8702031EE5F00F76063 /* Frameworks */ = {
			isa = PBXFrameworksBuildPhase;
			buildActionMask = 2147483647;
			files = (
			);
			runOnlyForDeploymentPostprocessing = 0;
		};
/* End PBXFrameworksBuildPhase section */

/* Begin PBXGroup section */
		78BBAB5022FDA2E400FE1D61 /* BadUnitTests */ = {
			isa = PBXGroup;
			children = (
				78BBAB5522FDA31900FE1D61 /* DanglingFile */,
			);
			name = BadUnitTests;
			path = Bad/BadUnitTests;
			sourceTree = "<group>";
		};
		78BBAB5522FDA31900FE1D61 /* DanglingFile */ = {
			isa = PBXGroup;
			children = (
				78BBAB5122FDA2E400FE1D61 /* BadUnitTests.swift */,
			);
			path = DanglingFile;
			sourceTree = "<group>";
		};
		D2A90D0E2032180800EBA6AA /* MissingFile */ = {
			isa = PBXGroup;
			children = (
				D2A90D0F2032181600EBA6AA /* ThisFileIsMissing.swift */,
			);
			path = MissingFile;
			sourceTree = "<group>";
		};
		D2A90D172032191C00EBA6AA /* ItemsOutOfOrder */ = {
			isa = PBXGroup;
			children = (
				D2A90D152032191600EBA6AA /* Second.swift */,
				D2A90D132032190A00EBA6AA /* First.swift */,
			);
			path = ItemsOutOfOrder;
			sourceTree = "<group>";
			wrapsLines = 1;
		};
		D2A90D18203219FC00EBA6AA /* ThisGroupIsEmpty */ = {
			isa = PBXGroup;
			children = (
			);
			path = ThisGroupIsEmpty;
			sourceTree = "<group>";
		};
		D2CAE86A2031EE5F00F76063 = {
			isa = PBXGroup;
			children = (
				D2CAE8752031EE5F00F76063 /* Bad */,
				78BBAB5022FDA2E400FE1D61 /* BadUnitTests */,
				D2CAE8742031EE5F00F76063 /* Products */,
			);
			sourceTree = "<group>";
		};
		D2CAE8742031EE5F00F76063 /* Products */ = {
			isa = PBXGroup;
			children = (
				D2CAE8732031EE5F00F76063 /* Bad */,
				7819B10A22F4819E008F36CB /* BadUnitTests.xctest */,
			);
			name = Products;
			sourceTree = "<group>";
		};
		D2CAE8752031EE5F00F76063 /* Bad */ = {
			isa = PBXGroup;
			children = (
				D2A90D172032191C00EBA6AA /* ItemsOutOfOrder */,
				D2CAE8762031EE5F00F76063 /* main.swift */,
				D2CAE89E2032143900F76063 /* MisplacedFile */,
				D2A90D0E2032180800EBA6AA /* MissingFile */,
				D2A90D18203219FC00EBA6AA /* ThisGroupIsEmpty */,
			);
			path = Bad;
			indentWidth = 7;
			sourceTree = "<group>";
			tabWidth = 7;
			usesTabs = 1;
		};
		D2CAE89E2032143900F76063 /* MisplacedFile */ = {
			isa = PBXGroup;
			children = (
				D2CAE89C2032142D00F76063 /* ThisFileIsMisplaced.swift */,
			);
			path = MisplacedFile;
			sourceTree = "<group>";
		};
/* End PBXGroup section */

/* Begin PBXNativeTarget section */
		7819B10922F4819E008F36CB /* BadUnitTests */ = {
			isa = PBXNativeTarget;
			buildConfigurationList = 7819B11122F4819E008F36CB /* Build configuration list for PBXNativeTarget "BadUnitTests" */;
			buildPhases = (
				7819B10622F4819E008F36CB /* Sources */,
				7819B10722F4819E008F36CB /* Frameworks */,
				7819B10822F4819E008F36CB /* Resources */,
			);
			buildRules = (
			);
			dependencies = (
			);
			name = BadUnitTests;
			productName = BadUnitTests;
			productReference = 7819B10A22F4819E008F36CB /* BadUnitTests.xctest */;
			productType = "com.apple.product-type.bundle.unit-test";
		};
		D2CAE8722031EE5F00F76063 /* Bad */ = {
			isa = PBXNativeTarget;
			buildConfigurationList = D2CAE87A2031EE5F00F76063 /* Build configuration list for PBXNativeTarget "Bad" */;
			buildPhases = (
				D2CAE86F2031EE5F00F76063 /* Sources */,
				D2CAE8702031EE5F00F76063 /* Frameworks */,
				D2CAE8712031EE5F00F76063 /* CopyFiles */,
			);
			buildRules = (
			);
			dependencies = (
			);
			name = Bad;
			productName = Bad;
			productReference = D2CAE8732031EE5F00F76063 /* Bad */;
			productType = "com.apple.product-type.tool";
		};
/* End PBXNativeTarget section */

/* Begin PBXProject section */
		D2CAE86B2031EE5F00F76063 /* Project object */ = {
			isa = PBXProject;
			attributes = {
				LastSwiftUpdateCheck = 1030;
				LastUpgradeCheck = 0910;
				ORGANIZATIONNAME = Amex;
				TargetAttributes = {
					7819B10922F4819E008F36CB = {
						CreatedOnToolsVersion = 10.3;
						ProvisioningStyle = Automatic;
					};
					D2CAE8722031EE5F00F76063 = {
						CreatedOnToolsVersion = 9.1;
						ProvisioningStyle = Automatic;
					};
				};
			};
			buildConfigurationList = D2CAE86E2031EE5F00F76063 /* Build configuration list for PBXProject "Bad" */;
			compatibilityVersion = "Xcode 8.0";
			developmentRegion = en;
			hasScannedForEncodings = 0;
			knownRegions = (
				en,
			);
			mainGroup = D2CAE86A2031EE5F00F76063;
			productRefGroup = D2CAE8742031EE5F00F76063 /* Products */;
			projectDirPath = "";
			projectRoot = "";
			targets = (
				D2CAE8722031EE5F00F76063 /* Bad */,
				7819B10922F4819E008F36CB /* BadUnitTests */,
			);
		};
/* End PBXProject section */

/* Begin PBXResourcesBuildPhase section */
		7819B10822F4819E008F36CB /* Resources */ = {
			isa = PBXResourcesBuildPhase;
			buildActionMask = 2147483647;
			files = (
			);
			runOnlyForDeploymentPostprocessing = 0;
		};
/* End PBXResourcesBuildPhase section */

/* Begin PBXSourcesBuildPhase section */
		7819B10622F4819E008F36CB /* Sources */ = {
			isa = PBXSourcesBuildPhase;
			buildActionMask = 2147483647;
			files = (
			);
			runOnlyForDeploymentPostprocessing = 0;
		};
		D2CAE86F2031EE5F00F76063 /* Sources */ = {
			isa = PBXSourcesBuildPhase;
			buildActionMask = 2147483647;
			files = (
				D2CAE89D2032142D00F76063 /* ThisFileIsMisplaced.swift in Sources */,
				D2CAE8772031EE5F00F76063 /* main.swift in Sources */,
				D2A90D162032191600EBA6AA /* Second.swift in Sources */,
				D2A90D142032190A00EBA6AA /* First.swift in Sources */,
				D2A90D102032181600EBA6AA /* ThisFileIsMissing.swift in Sources */,
			);
			runOnlyForDeploymentPostprocessing = 0;
		};
/* End PBXSourcesBuildPhase section */

/* Begin XCBuildConfiguration section */
		7819B10F22F4819E008F36CB /* Debug */ = {
			isa = XCBuildConfiguration;
			buildSettings = {
				CLANG_ENABLE_OBJC_WEAK = YES;
				CLANG_WARN_DEPRECATED_OBJC_IMPLEMENTATIONS = YES;
				CLANG_WARN_OBJC_IMPLICIT_RETAIN_SELF = YES;
				CODE_SIGN_IDENTITY = "-";
				CODE_SIGN_STYLE = Automatic;
				COMBINE_HIDPI_IMAGES = YES;
				INFOPLIST_FILE = BadUnitTests/Info.plist;
				LD_RUNPATH_SEARCH_PATHS = "$(inherited) @executable_path/../Frameworks @loader_path/../Frameworks";
				MACOSX_DEPLOYMENT_TARGET = 10.14;
				MTL_ENABLE_DEBUG_INFO = INCLUDE_SOURCE;
				MTL_FAST_MATH = YES;
				PRODUCT_BUNDLE_IDENTIFIER = com.americanexpress.bad.unittests.BadUnitTests;
				PRODUCT_NAME = "$(TARGET_NAME)";
				SWIFT_VERSION = 5.0;
			};
			name = Debug;
		};
		7819B11022F4819E008F36CB /* Release */ = {
			isa = XCBuildConfiguration;
			buildSettings = {
				CLANG_ENABLE_OBJC_WEAK = YES;
				CLANG_WARN_DEPRECATED_OBJC_IMPLEMENTATIONS = YES;
				CLANG_WARN_OBJC_IMPLICIT_RETAIN_SELF = YES;
				CODE_SIGN_IDENTITY = "-";
				CODE_SIGN_STYLE = Automatic;
				COMBINE_HIDPI_IMAGES = YES;
				INFOPLIST_FILE = BadUnitTests/Info.plist;
				LD_RUNPATH_SEARCH_PATHS = "$(inherited) @executable_path/../Frameworks @loader_path/../Frameworks";
				MACOSX_DEPLOYMENT_TARGET = 10.14;
				MTL_FAST_MATH = YES;
				PRODUCT_BUNDLE_IDENTIFIER = com.americanexpress.bad.unittests.BadUnitTests;
				PRODUCT_NAME = "$(TARGET_NAME)";
				SWIFT_VERSION = 5.0;
			};
			name = Release;
		};
		D2CAE8782031EE5F00F76063 /* Debug */ = {
			isa = XCBuildConfiguration;
			buildSettings = {
				ALWAYS_SEARCH_USER_PATHS = NO;
				CLANG_ANALYZER_NONNULL = YES;
				CLANG_ANALYZER_NUMBER_OBJECT_CONVERSION = YES_AGGRESSIVE;
				CLANG_CXX_LANGUAGE_STANDARD = "gnu++14";
				CLANG_CXX_LIBRARY = "libc++";
				CLANG_ENABLE_MODULES = YES;
				CLANG_ENABLE_OBJC_ARC = YES;
				CLANG_WARN_BLOCK_CAPTURE_AUTORELEASING = YES;
				CLANG_WARN_BOOL_CONVERSION = YES;
				CLANG_WARN_COMMA = YES;
				CLANG_WARN_CONSTANT_CONVERSION = YES;
				CLANG_WARN_DIRECT_OBJC_ISA_USAGE = YES_ERROR;
				CLANG_WARN_DOCUMENTATION_COMMENTS = YES;
				CLANG_WARN_EMPTY_BODY = YES;
				CLANG_WARN_ENUM_CONVERSION = YES;
				CLANG_WARN_INFINITE_RECURSION = YES;
				CLANG_WARN_INT_CONVERSION = YES;
				CLANG_WARN_NON_LITERAL_NULL_CONVERSION = YES;
				CLANG_WARN_OBJC_LITERAL_CONVERSION = YES;
				CLANG_WARN_OBJC_ROOT_CLASS = YES_ERROR;
				CLANG_WARN_RANGE_LOOP_ANALYSIS = YES;
				CLANG_WARN_STRICT_PROTOTYPES = YES;
				CLANG_WARN_SUSPICIOUS_MOVE = YES;
				CLANG_WARN_UNGUARDED_AVAILABILITY = YES_AGGRESSIVE;
				CLANG_WARN_UNREACHABLE_CODE = YES;
				CLANG_WARN__DUPLICATE_METHOD_MATCH = YES;
				CODE_SIGN_IDENTITY = "Mac Developer";
				COPY_PHASE_STRIP = NO;
				DEBUG_INFORMATION_FORMAT = dwarf;
				ENABLE_STRICT_OBJC_MSGSEND = YES;
				ENABLE_TESTABILITY = YES;
				GCC_C_LANGUAGE_STANDARD = gnu11;
				GCC_DYNAMIC_NO_PIC = NO;
				GCC_NO_COMMON_BLOCKS = YES;
				GCC_OPTIMIZATION_LEVEL = 0;
				GCC_PREPROCESSOR_DEFINITIONS = (
					"DEBUG=1",
					"$(inherited)",
				);
				GCC_WARN_64_TO_32_BIT_CONVERSION = YES;
				GCC_WARN_ABOUT_RETURN_TYPE = YES_ERROR;
				GCC_WARN_UNDECLARED_SELECTOR = YES;
				GCC_WARN_UNINITIALIZED_AUTOS = YES_AGGRESSIVE;
				GCC_WARN_UNUSED_FUNCTION = YES;
				GCC_WARN_UNUSED_VARIABLE = YES;
				MACOSX_DEPLOYMENT_TARGET = 10.12;
				MTL_ENABLE_DEBUG_INFO = YES;
				ONLY_ACTIVE_ARCH = YES;
				SDKROOT = macosx;
				SWIFT_ACTIVE_COMPILATION_CONDITIONS = DEBUG;
				SWIFT_OPTIMIZATION_LEVEL = "-Onone";
			};
			name = Debug;
		};
		D2CAE8792031EE5F00F76063 /* Release */ = {
			isa = XCBuildConfiguration;
			buildSettings = {
				ALWAYS_SEARCH_USER_PATHS = NO;
				CLANG_ANALYZER_NONNULL = YES;
				CLANG_ANALYZER_NUMBER_OBJECT_CONVERSION = YES_AGGRESSIVE;
				CLANG_CXX_LANGUAGE_STANDARD = "gnu++14";
				CLANG_CXX_LIBRARY = "libc++";
				CLANG_ENABLE_MODULES = YES;
				CLANG_ENABLE_OBJC_ARC = YES;
				CLANG_WARN_BLOCK_CAPTURE_AUTORELEASING = YES;
				CLANG_WARN_BOOL_CONVERSION = YES;
				CLANG_WARN_COMMA = YES;
				CLANG_WARN_CONSTANT_CONVERSION = YES;
				CLANG_WARN_DIRECT_OBJC_ISA_USAGE = YES_ERROR;
				CLANG_WARN_DOCUMENTATION_COMMENTS = YES;
				CLANG_WARN_EMPTY_BODY = YES;
				CLANG_WARN_ENUM_CONVERSION = YES;
				CLANG_WARN_INFINITE_RECURSION = YES;
				CLANG_WARN_INT_CONVERSION = YES;
				CLANG_WARN_NON_LITERAL_NULL_CONVERSION = YES;
				CLANG_WARN_OBJC_LITERAL_CONVERSION = YES;
				CLANG_WARN_OBJC_ROOT_CLASS = YES_ERROR;
				CLANG_WARN_RANGE_LOOP_ANALYSIS = YES;
				CLANG_WARN_STRICT_PROTOTYPES = YES;
				CLANG_WARN_SUSPICIOUS_MOVE = YES;
				CLANG_WARN_UNGUARDED_AVAILABILITY = YES_AGGRESSIVE;
				CLANG_WARN_UNREACHABLE_CODE = YES;
				CLANG_WARN__DUPLICATE_METHOD_MATCH = YES;
				CODE_SIGN_IDENTITY = "Mac Developer";
				COPY_PHASE_STRIP = NO;
				DEBUG_INFORMATION_FORMAT = "dwarf-with-dsym";
				ENABLE_NS_ASSERTIONS = NO;
				ENABLE_STRICT_OBJC_MSGSEND = YES;
				GCC_C_LANGUAGE_STANDARD = gnu11;
				GCC_NO_COMMON_BLOCKS = YES;
				GCC_WARN_64_TO_32_BIT_CONVERSION = YES;
				GCC_WARN_ABOUT_RETURN_TYPE = YES_ERROR;
				GCC_WARN_UNDECLARED_SELECTOR = YES;
				GCC_WARN_UNINITIALIZED_AUTOS = YES_AGGRESSIVE;
				GCC_WARN_UNUSED_FUNCTION = YES;
				GCC_WARN_UNUSED_VARIABLE = YES;
				MACOSX_DEPLOYMENT_TARGET = 10.12;
				MTL_ENABLE_DEBUG_INFO = NO;
				SDKROOT = macosx;
				SWIFT_OPTIMIZATION_LEVEL = "-Owholemodule";
			};
			name = Release;
		};
		D2CAE87B2031EE5F00F76063 /* Debug */ = {
			isa = XCBuildConfiguration;
			buildSettings = {
				CODE_SIGN_STYLE = Automatic;
				DEVELOPMENT_TEAM = JDJ67K33AE;
				PRODUCT_NAME = "$(TARGET_NAME)";
				SWIFT_VERSION = 4.0;
			};
			name = Debug;
		};
		D2CAE87C2031EE5F00F76063 /* Release */ = {
			isa = XCBuildConfiguration;
			buildSettings = {
				CODE_SIGN_STYLE = Automatic;
				DEVELOPMENT_TEAM = JDJ67K33AE;
				PRODUCT_NAME = "$(TARGET_NAME)";
				SWIFT_VERSION = 4.0;
			};
			name = Release;
		};
/* End XCBuildConfiguration section */

/* Begin XCConfigurationList section */
		7819B11122F4819E008F36CB /* Build configuration list for PBXNativeTarget "BadUnitTests" */ = {
			isa = XCConfigurationList;
			buildConfigurations = (
				7819B10F22F4819E008F36CB /* Debug */,
				7819B11022F4819E008F36CB /* Release */,
			);
			defaultConfigurationIsVisible = 0;
			defaultConfigurationName = Release;
		};
		D2CAE86E2031EE5F00F76063 /* Build configuration list for PBXProject "Bad" */ = {
			isa = XCConfigurationList;
			buildConfigurations = (
				D2CAE8782031EE5F00F76063 /* Debug */,
				D2CAE8792031EE5F00F76063 /* Release */,
			);
			defaultConfigurationIsVisible = 0;
			defaultConfigurationName = Release;
		};
		D2CAE87A2031EE5F00F76063 /* Build configuration list for PBXNativeTarget "Bad" */ = {
			isa = XCConfigurationList;
			buildConfigurations = (
				D2CAE87B2031EE5F00F76063 /* Debug */,
				D2CAE87C2031EE5F00F76063 /* Release */,
			);
			defaultConfigurationIsVisible = 0;
			defaultConfigurationName = Release;
		};
/* End XCConfigurationList section */
	};
	rootObject = D2CAE86B2031EE5F00F76063 /* Project object */;
}
